// !$*UTF8*$!
{
	archiveVersion = 1;
	classes = {
	};
	objectVersion = 55;
	objects = {

/* Begin PBXBuildFile section */
		AF8DC89D28B321E1006A79FD /* AppDelegate.swift in Sources */ = {isa = PBXBuildFile; fileRef = AF8DC89C28B321E1006A79FD /* AppDelegate.swift */; };
		AF8DC89F28B321E1006A79FD /* SceneDelegate.swift in Sources */ = {isa = PBXBuildFile; fileRef = AF8DC89E28B321E1006A79FD /* SceneDelegate.swift */; };
		AF8DC8A128B321E1006A79FD /* ViewController.swift in Sources */ = {isa = PBXBuildFile; fileRef = AF8DC8A028B321E1006A79FD /* ViewController.swift */; };
		AF8DC8A428B321E1006A79FD /* Main.storyboard in Resources */ = {isa = PBXBuildFile; fileRef = AF8DC8A228B321E1006A79FD /* Main.storyboard */; };
		AF8DC8A628B321E3006A79FD /* Assets.xcassets in Resources */ = {isa = PBXBuildFile; fileRef = AF8DC8A528B321E3006A79FD /* Assets.xcassets */; };
		AF8DC8A928B321E3006A79FD /* LaunchScreen.storyboard in Resources */ = {isa = PBXBuildFile; fileRef = AF8DC8A728B321E3006A79FD /* LaunchScreen.storyboard */; };
		AF8DC8B428B321E3006A79FD /* preworkTests.swift in Sources */ = {isa = PBXBuildFile; fileRef = AF8DC8B328B321E3006A79FD /* preworkTests.swift */; };
		AF8DC8BE28B321E3006A79FD /* preworkUITests.swift in Sources */ = {isa = PBXBuildFile; fileRef = AF8DC8BD28B321E3006A79FD /* preworkUITests.swift */; };
		AF8DC8C028B321E3006A79FD /* preworkUITestsLaunchTests.swift in Sources */ = {isa = PBXBuildFile; fileRef = AF8DC8BF28B321E3006A79FD /* preworkUITestsLaunchTests.swift */; };
/* End PBXBuildFile section */

/* Begin PBXContainerItemProxy section */
		AF8DC8B028B321E3006A79FD /* PBXContainerItemProxy */ = {
			isa = PBXContainerItemProxy;
			containerPortal = AF8DC89128B321E1006A79FD /* Project object */;
			proxyType = 1;
			remoteGlobalIDString = AF8DC89828B321E1006A79FD;
			remoteInfo = prework;
		};
		AF8DC8BA28B321E3006A79FD /* PBXContainerItemProxy */ = {
			isa = PBXContainerItemProxy;
			containerPortal = AF8DC89128B321E1006A79FD /* Project object */;
			proxyType = 1;
			remoteGlobalIDString = AF8DC89828B321E1006A79FD;
			remoteInfo = prework;
		};
/* End PBXContainerItemProxy section */

/* Begin PBXFileReference section */
		AF8DC89928B321E1006A79FD /* prework.app */ = {isa = PBXFileReference; explicitFileType = wrapper.application; includeInIndex = 0; path = prework.app; sourceTree = BUILT_PRODUCTS_DIR; };
		AF8DC89C28B321E1006A79FD /* AppDelegate.swift */ = {isa = PBXFileReference; lastKnownFileType = sourcecode.swift; path = AppDelegate.swift; sourceTree = "<group>"; };
		AF8DC89E28B321E1006A79FD /* SceneDelegate.swift */ = {isa = PBXFileReference; lastKnownFileType = sourcecode.swift; path = SceneDelegate.swift; sourceTree = "<group>"; };
		AF8DC8A028B321E1006A79FD /* ViewController.swift */ = {isa = PBXFileReference; lastKnownFileType = sourcecode.swift; path = ViewController.swift; sourceTree = "<group>"; };
		AF8DC8A328B321E1006A79FD /* Base */ = {isa = PBXFileReference; lastKnownFileType = file.storyboard; name = Base; path = Base.lproj/Main.storyboard; sourceTree = "<group>"; };
		AF8DC8A528B321E3006A79FD /* Assets.xcassets */ = {isa = PBXFileReference; lastKnownFileType = folder.assetcatalog; path = Assets.xcassets; sourceTree = "<group>"; };
		AF8DC8A828B321E3006A79FD /* Base */ = {isa = PBXFileReference; lastKnownFileType = file.storyboard; name = Base; path = Base.lproj/LaunchScreen.storyboard; sourceTree = "<group>"; };
		AF8DC8AA28B321E3006A79FD /* Info.plist */ = {isa = PBXFileReference; lastKnownFileType = text.plist.xml; path = Info.plist; sourceTree = "<group>"; };
		AF8DC8AF28B321E3006A79FD /* preworkTests.xctest */ = {isa = PBXFileReference; explicitFileType = wrapper.cfbundle; includeInIndex = 0; path = preworkTests.xctest; sourceTree = BUILT_PRODUCTS_DIR; };
		AF8DC8B328B321E3006A79FD /* preworkTests.swift */ = {isa = PBXFileReference; lastKnownFileType = sourcecode.swift; path = preworkTests.swift; sourceTree = "<group>"; };
		AF8DC8B928B321E3006A79FD /* preworkUITests.xctest */ = {isa = PBXFileReference; explicitFileType = wrapper.cfbundle; includeInIndex = 0; path = preworkUITests.xctest; sourceTree = BUILT_PRODUCTS_DIR; };
		AF8DC8BD28B321E3006A79FD /* preworkUITests.swift */ = {isa = PBXFileReference; lastKnownFileType = sourcecode.swift; path = preworkUITests.swift; sourceTree = "<group>"; };
		AF8DC8BF28B321E3006A79FD /* preworkUITestsLaunchTests.swift */ = {isa = PBXFileReference; lastKnownFileType = sourcecode.swift; path = preworkUITestsLaunchTests.swift; sourceTree = "<group>"; };
/* End PBXFileReference section */

/* Begin PBXFrameworksBuildPhase section */
		AF8DC89628B321E1006A79FD /* Frameworks */ = {
			isa = PBXFrameworksBuildPhase;
			buildActionMask = 2147483647;
			files = (
			);
			runOnlyForDeploymentPostprocessing = 0;
		};
		AF8DC8AC28B321E3006A79FD /* Frameworks */ = {
			isa = PBXFrameworksBuildPhase;
			buildActionMask = 2147483647;
			files = (
			);
			runOnlyForDeploymentPostprocessing = 0;
		};
		AF8DC8B628B321E3006A79FD /* Frameworks */ = {
			isa = PBXFrameworksBuildPhase;
			buildActionMask = 2147483647;
			files = (
			);
			runOnlyForDeploymentPostprocessing = 0;
		};
/* End PBXFrameworksBuildPhase section */

/* Begin PBXGroup section */
		AF8DC89028B321E1006A79FD = {
			isa = PBXGroup;
			children = (
				AF8DC89B28B321E1006A79FD /* prework */,
				AF8DC8B228B321E3006A79FD /* preworkTests */,
				AF8DC8BC28B321E3006A79FD /* preworkUITests */,
				AF8DC89A28B321E1006A79FD /* Products */,
			);
			sourceTree = "<group>";
		};
		AF8DC89A28B321E1006A79FD /* Products */ = {
			isa = PBXGroup;
			children = (
				AF8DC89928B321E1006A79FD /* prework.app */,
				AF8DC8AF28B321E3006A79FD /* preworkTests.xctest */,
				AF8DC8B928B321E3006A79FD /* preworkUITests.xctest */,
			);
			name = Products;
			sourceTree = "<group>";
		};
		AF8DC89B28B321E1006A79FD /* prework */ = {
			isa = PBXGroup;
			children = (
				AF8DC89C28B321E1006A79FD /* AppDelegate.swift */,
				AF8DC89E28B321E1006A79FD /* SceneDelegate.swift */,
				AF8DC8A028B321E1006A79FD /* ViewController.swift */,
				AF8DC8A228B321E1006A79FD /* Main.storyboard */,
				AF8DC8A528B321E3006A79FD /* Assets.xcassets */,
				AF8DC8A728B321E3006A79FD /* LaunchScreen.storyboard */,
				AF8DC8AA28B321E3006A79FD /* Info.plist */,
			);
			path = prework;
			sourceTree = "<group>";
		};
		AF8DC8B228B321E3006A79FD /* preworkTests */ = {
			isa = PBXGroup;
			children = (
				AF8DC8B328B321E3006A79FD /* preworkTests.swift */,
			);
			path = preworkTests;
			sourceTree = "<group>";
		};
		AF8DC8BC28B321E3006A79FD /* preworkUITests */ = {
			isa = PBXGroup;
			children = (
				AF8DC8BD28B321E3006A79FD /* preworkUITests.swift */,
				AF8DC8BF28B321E3006A79FD /* preworkUITestsLaunchTests.swift */,
			);
			path = preworkUITests;
			sourceTree = "<group>";
		};
/* End PBXGroup section */

/* Begin PBXNativeTarget section */
		AF8DC89828B321E1006A79FD /* prework */ = {
			isa = PBXNativeTarget;
			buildConfigurationList = AF8DC8C328B321E3006A79FD /* Build configuration list for PBXNativeTarget "prework" */;
			buildPhases = (
				AF8DC89528B321E1006A79FD /* Sources */,
				AF8DC89628B321E1006A79FD /* Frameworks */,
				AF8DC89728B321E1006A79FD /* Resources */,
			);
			buildRules = (
			);
			dependencies = (
			);
			name = prework;
			productName = prework;
			productReference = AF8DC89928B321E1006A79FD /* prework.app */;
			productType = "com.apple.product-type.application";
		};
		AF8DC8AE28B321E3006A79FD /* preworkTests */ = {
			isa = PBXNativeTarget;
			buildConfigurationList = AF8DC8C628B321E3006A79FD /* Build configuration list for PBXNativeTarget "preworkTests" */;
			buildPhases = (
				AF8DC8AB28B321E3006A79FD /* Sources */,
				AF8DC8AC28B321E3006A79FD /* Frameworks */,
				AF8DC8AD28B321E3006A79FD /* Resources */,
			);
			buildRules = (
			);
			dependencies = (
				AF8DC8B128B321E3006A79FD /* PBXTargetDependency */,
			);
			name = preworkTests;
			productName = preworkTests;
			productReference = AF8DC8AF28B321E3006A79FD /* preworkTests.xctest */;
			productType = "com.apple.product-type.bundle.unit-test";
		};
		AF8DC8B828B321E3006A79FD /* preworkUITests */ = {
			isa = PBXNativeTarget;
			buildConfigurationList = AF8DC8C928B321E3006A79FD /* Build configuration list for PBXNativeTarget "preworkUITests" */;
			buildPhases = (
				AF8DC8B528B321E3006A79FD /* Sources */,
				AF8DC8B628B321E3006A79FD /* Frameworks */,
				AF8DC8B728B321E3006A79FD /* Resources */,
			);
			buildRules = (
			);
			dependencies = (
				AF8DC8BB28B321E3006A79FD /* PBXTargetDependency */,
			);
			name = preworkUITests;
			productName = preworkUITests;
			productReference = AF8DC8B928B321E3006A79FD /* preworkUITests.xctest */;
			productType = "com.apple.product-type.bundle.ui-testing";
		};
/* End PBXNativeTarget section */

/* Begin PBXProject section */
		AF8DC89128B321E1006A79FD /* Project object */ = {
			isa = PBXProject;
			attributes = {
				BuildIndependentTargetsInParallel = 1;
				LastSwiftUpdateCheck = 1320;
				LastUpgradeCheck = 1320;
				TargetAttributes = {
					AF8DC89828B321E1006A79FD = {
						CreatedOnToolsVersion = 13.2.1;
					};
					AF8DC8AE28B321E3006A79FD = {
						CreatedOnToolsVersion = 13.2.1;
						TestTargetID = AF8DC89828B321E1006A79FD;
					};
					AF8DC8B828B321E3006A79FD = {
						CreatedOnToolsVersion = 13.2.1;
						TestTargetID = AF8DC89828B321E1006A79FD;
					};
				};
			};
			buildConfigurationList = AF8DC89428B321E1006A79FD /* Build configuration list for PBXProject "prework" */;
			compatibilityVersion = "Xcode 13.0";
			developmentRegion = en;
			hasScannedForEncodings = 0;
			knownRegions = (
				en,
				Base,
			);
			mainGroup = AF8DC89028B321E1006A79FD;
			productRefGroup = AF8DC89A28B321E1006A79FD /* Products */;
			projectDirPath = "";
			projectRoot = "";
			targets = (
				AF8DC89828B321E1006A79FD /* prework */,
				AF8DC8AE28B321E3006A79FD /* preworkTests */,
				AF8DC8B828B321E3006A79FD /* preworkUITests */,
			);
		};
/* End PBXProject section */

/* Begin PBXResourcesBuildPhase section */
		AF8DC89728B321E1006A79FD /* Resources */ = {
			isa = PBXResourcesBuildPhase;
			buildActionMask = 2147483647;
			files = (
				AF8DC8A928B321E3006A79FD /* LaunchScreen.storyboard in Resources */,
				AF8DC8A628B321E3006A79FD /* Assets.xcassets in Resources */,
				AF8DC8A428B321E1006A79FD /* Main.storyboard in Resources */,
			);
			runOnlyForDeploymentPostprocessing = 0;
		};
		AF8DC8AD28B321E3006A79FD /* Resources */ = {
			isa = PBXResourcesBuildPhase;
			buildActionMask = 2147483647;
			files = (
			);
			runOnlyForDeploymentPostprocessing = 0;
		};
		AF8DC8B728B321E3006A79FD /* Resources */ = {
			isa = PBXResourcesBuildPhase;
			buildActionMask = 2147483647;
			files = (
			);
			runOnlyForDeploymentPostprocessing = 0;
		};
/* End PBXResourcesBuildPhase section */

/* Begin PBXSourcesBuildPhase section */
		AF8DC89528B321E1006A79FD /* Sources */ = {
			isa = PBXSourcesBuildPhase;
			buildActionMask = 2147483647;
			files = (
				AF8DC8A128B321E1006A79FD /* ViewController.swift in Sources */,
				AF8DC89D28B321E1006A79FD /* AppDelegate.swift in Sources */,
				AF8DC89F28B321E1006A79FD /* SceneDelegate.swift in Sources */,
			);
			runOnlyForDeploymentPostprocessing = 0;
		};
		AF8DC8AB28B321E3006A79FD /* Sources */ = {
			isa = PBXSourcesBuildPhase;
			buildActionMask = 2147483647;
			files = (
				AF8DC8B428B321E3006A79FD /* preworkTests.swift in Sources */,
			);
			runOnlyForDeploymentPostprocessing = 0;
		};
		AF8DC8B528B321E3006A79FD /* Sources */ = {
			isa = PBXSourcesBuildPhase;
			buildActionMask = 2147483647;
			files = (
				AF8DC8BE28B321E3006A79FD /* preworkUITests.swift in Sources */,
				AF8DC8C028B321E3006A79FD /* preworkUITestsLaunchTests.swift in Sources */,
			);
			runOnlyForDeploymentPostprocessing = 0;
		};
/* End PBXSourcesBuildPhase section */

/* Begin PBXTargetDependency section */
		AF8DC8B128B321E3006A79FD /* PBXTargetDependency */ = {
			isa = PBXTargetDependency;
			target = AF8DC89828B321E1006A79FD /* prework */;
			targetProxy = AF8DC8B028B321E3006A79FD /* PBXContainerItemProxy */;
		};
		AF8DC8BB28B321E3006A79FD /* PBXTargetDependency */ = {
			isa = PBXTargetDependency;
			target = AF8DC89828B321E1006A79FD /* prework */;
			targetProxy = AF8DC8BA28B321E3006A79FD /* PBXContainerItemProxy */;
		};
/* End PBXTargetDependency section */

/* Begin PBXVariantGroup section */
		AF8DC8A228B321E1006A79FD /* Main.storyboard */ = {
			isa = PBXVariantGroup;
			children = (
				AF8DC8A328B321E1006A79FD /* Base */,
			);
			name = Main.storyboard;
			sourceTree = "<group>";
		};
		AF8DC8A728B321E3006A79FD /* LaunchScreen.storyboard */ = {
			isa = PBXVariantGroup;
			children = (
				AF8DC8A828B321E3006A79FD /* Base */,
			);
			name = LaunchScreen.storyboard;
			sourceTree = "<group>";
		};
/* End PBXVariantGroup section */

/* Begin XCBuildConfiguration section */
		AF8DC8C128B321E3006A79FD /* Debug */ = {
			isa = XCBuildConfiguration;
			buildSettings = {
				ALWAYS_SEARCH_USER_PATHS = NO;
				CLANG_ANALYZER_NONNULL = YES;
				CLANG_ANALYZER_NUMBER_OBJECT_CONVERSION = YES_AGGRESSIVE;
				CLANG_CXX_LANGUAGE_STANDARD = "gnu++17";
				CLANG_CXX_LIBRARY = "libc++";
				CLANG_ENABLE_MODULES = YES;
				CLANG_ENABLE_OBJC_ARC = YES;
				CLANG_ENABLE_OBJC_WEAK = YES;
				CLANG_WARN_BLOCK_CAPTURE_AUTORELEASING = YES;
				CLANG_WARN_BOOL_CONVERSION = YES;
				CLANG_WARN_COMMA = YES;
				CLANG_WARN_CONSTANT_CONVERSION = YES;
				CLANG_WARN_DEPRECATED_OBJC_IMPLEMENTATIONS = YES;
				CLANG_WARN_DIRECT_OBJC_ISA_USAGE = YES_ERROR;
				CLANG_WARN_DOCUMENTATION_COMMENTS = YES;
				CLANG_WARN_EMPTY_BODY = YES;
				CLANG_WARN_ENUM_CONVERSION = YES;
				CLANG_WARN_INFINITE_RECURSION = YES;
				CLANG_WARN_INT_CONVERSION = YES;
				CLANG_WARN_NON_LITERAL_NULL_CONVERSION = YES;
				CLANG_WARN_OBJC_IMPLICIT_RETAIN_SELF = YES;
				CLANG_WARN_OBJC_LITERAL_CONVERSION = YES;
				CLANG_WARN_OBJC_ROOT_CLASS = YES_ERROR;
				CLANG_WARN_QUOTED_INCLUDE_IN_FRAMEWORK_HEADER = YES;
				CLANG_WARN_RANGE_LOOP_ANALYSIS = YES;
				CLANG_WARN_STRICT_PROTOTYPES = YES;
				CLANG_WARN_SUSPICIOUS_MOVE = YES;
				CLANG_WARN_UNGUARDED_AVAILABILITY = YES_AGGRESSIVE;
				CLANG_WARN_UNREACHABLE_CODE = YES;
				CLANG_WARN__DUPLICATE_METHOD_MATCH = YES;
				COPY_PHASE_STRIP = NO;
				DEBUG_INFORMATION_FORMAT = dwarf;
				ENABLE_STRICT_OBJC_MSGSEND = YES;
				ENABLE_TESTABILITY = YES;
				GCC_C_LANGUAGE_STANDARD = gnu11;
				GCC_DYNAMIC_NO_PIC = NO;
				GCC_NO_COMMON_BLOCKS = YES;
				GCC_OPTIMIZATION_LEVEL = 0;
				GCC_PREPROCESSOR_DEFINITIONS = (
					"DEBUG=1",
					"$(inherited)",
				);
				GCC_WARN_64_TO_32_BIT_CONVERSION = YES;
				GCC_WARN_ABOUT_RETURN_TYPE = YES_ERROR;
				GCC_WARN_UNDECLARED_SELECTOR = YES;
				GCC_WARN_UNINITIALIZED_AUTOS = YES_AGGRESSIVE;
				GCC_WARN_UNUSED_FUNCTION = YES;
				GCC_WARN_UNUSED_VARIABLE = YES;
				IPHONEOS_DEPLOYMENT_TARGET = 15.2;
				MTL_ENABLE_DEBUG_INFO = INCLUDE_SOURCE;
				MTL_FAST_MATH = YES;
				ONLY_ACTIVE_ARCH = YES;
				SDKROOT = iphoneos;
				SWIFT_ACTIVE_COMPILATION_CONDITIONS = DEBUG;
				SWIFT_OPTIMIZATION_LEVEL = "-Onone";
			};
			name = Debug;
		};
		AF8DC8C228B321E3006A79FD /* Release */ = {
			isa = XCBuildConfiguration;
			buildSettings = {
				ALWAYS_SEARCH_USER_PATHS = NO;
				CLANG_ANALYZER_NONNULL = YES;
				CLANG_ANALYZER_NUMBER_OBJECT_CONVERSION = YES_AGGRESSIVE;
				CLANG_CXX_LANGUAGE_STANDARD = "gnu++17";
				CLANG_CXX_LIBRARY = "libc++";
				CLANG_ENABLE_MODULES = YES;
				CLANG_ENABLE_OBJC_ARC = YES;
				CLANG_ENABLE_OBJC_WEAK = YES;
				CLANG_WARN_BLOCK_CAPTURE_AUTORELEASING = YES;
				CLANG_WARN_BOOL_CONVERSION = YES;
				CLANG_WARN_COMMA = YES;
				CLANG_WARN_CONSTANT_CONVERSION = YES;
				CLANG_WARN_DEPRECATED_OBJC_IMPLEMENTATIONS = YES;
				CLANG_WARN_DIRECT_OBJC_ISA_USAGE = YES_ERROR;
				CLANG_WARN_DOCUMENTATION_COMMENTS = YES;
				CLANG_WARN_EMPTY_BODY = YES;
				CLANG_WARN_ENUM_CONVERSION = YES;
				CLANG_WARN_INFINITE_RECURSION = YES;
				CLANG_WARN_INT_CONVERSION = YES;
				CLANG_WARN_NON_LITERAL_NULL_CONVERSION = YES;
				CLANG_WARN_OBJC_IMPLICIT_RETAIN_SELF = YES;
				CLANG_WARN_OBJC_LITERAL_CONVERSION = YES;
				CLANG_WARN_OBJC_ROOT_CLASS = YES_ERROR;
				CLANG_WARN_QUOTED_INCLUDE_IN_FRAMEWORK_HEADER = YES;
				CLANG_WARN_RANGE_LOOP_ANALYSIS = YES;
				CLANG_WARN_STRICT_PROTOTYPES = YES;
				CLANG_WARN_SUSPICIOUS_MOVE = YES;
				CLANG_WARN_UNGUARDED_AVAILABILITY = YES_AGGRESSIVE;
				CLANG_WARN_UNREACHABLE_CODE = YES;
				CLANG_WARN__DUPLICATE_METHOD_MATCH = YES;
				COPY_PHASE_STRIP = NO;
				DEBUG_INFORMATION_FORMAT = "dwarf-with-dsym";
				ENABLE_NS_ASSERTIONS = NO;
				ENABLE_STRICT_OBJC_MSGSEND = YES;
				GCC_C_LANGUAGE_STANDARD = gnu11;
				GCC_NO_COMMON_BLOCKS = YES;
				GCC_WARN_64_TO_32_BIT_CONVERSION = YES;
				GCC_WARN_ABOUT_RETURN_TYPE = YES_ERROR;
				GCC_WARN_UNDECLARED_SELECTOR = YES;
				GCC_WARN_UNINITIALIZED_AUTOS = YES_AGGRESSIVE;
				GCC_WARN_UNUSED_FUNCTION = YES;
				GCC_WARN_UNUSED_VARIABLE = YES;
				IPHONEOS_DEPLOYMENT_TARGET = 15.2;
				MTL_ENABLE_DEBUG_INFO = NO;
				MTL_FAST_MATH = YES;
				SDKROOT = iphoneos;
				SWIFT_COMPILATION_MODE = wholemodule;
				SWIFT_OPTIMIZATION_LEVEL = "-O";
				VALIDATE_PRODUCT = YES;
			};
			name = Release;
		};
		AF8DC8C428B321E3006A79FD /* Debug */ = {
			isa = XCBuildConfiguration;
			buildSettings = {
				ASSETCATALOG_COMPILER_APPICON_NAME = AppIcon;
				ASSETCATALOG_COMPILER_GLOBAL_ACCENT_COLOR_NAME = AccentColor;
				CODE_SIGN_STYLE = Automatic;
				CURRENT_PROJECT_VERSION = 1;
				GENERATE_INFOPLIST_FILE = YES;
				INFOPLIST_FILE = prework/Info.plist;
				INFOPLIST_KEY_UIApplicationSupportsIndirectInputEvents = YES;
				INFOPLIST_KEY_UILaunchStoryboardName = LaunchScreen;
				INFOPLIST_KEY_UIMainStoryboardFile = Main;
				INFOPLIST_KEY_UISupportedInterfaceOrientations_iPad = "UIInterfaceOrientationPortrait UIInterfaceOrientationPortraitUpsideDown UIInterfaceOrientationLandscapeLeft UIInterfaceOrientationLandscapeRight";
				INFOPLIST_KEY_UISupportedInterfaceOrientations_iPhone = "UIInterfaceOrientationPortrait UIInterfaceOrientationLandscapeLeft UIInterfaceOrientationLandscapeRight";
				LD_RUNPATH_SEARCH_PATHS = (
					"$(inherited)",
					"@executable_path/Frameworks",
				);
				MARKETING_VERSION = 1.0;
				PRODUCT_BUNDLE_IDENTIFIER = com.pinchen686.prework;
				PRODUCT_NAME = "$(TARGET_NAME)";
				SWIFT_EMIT_LOC_STRINGS = YES;
				SWIFT_VERSION = 5.0;
				TARGETED_DEVICE_FAMILY = "1,2";
			};
			name = Debug;
		};
		AF8DC8C528B321E3006A79FD /* Release */ = {
			isa = XCBuildConfiguration;
			buildSettings = {
				ASSETCATALOG_COMPILER_APPICON_NAME = AppIcon;
				ASSETCATALOG_COMPILER_GLOBAL_ACCENT_COLOR_NAME = AccentColor;
				CODE_SIGN_STYLE = Automatic;
				CURRENT_PROJECT_VERSION = 1;
				GENERATE_INFOPLIST_FILE = YES;
				INFOPLIST_FILE = prework/Info.plist;
				INFOPLIST_KEY_UIApplicationSupportsIndirectInputEvents = YES;
				INFOPLIST_KEY_UILaunchStoryboardName = LaunchScreen;
				INFOPLIST_KEY_UIMainStoryboardFile = Main;
				INFOPLIST_KEY_UISupportedInterfaceOrientations_iPad = "UIInterfaceOrientationPortrait UIInterfaceOrientationPortraitUpsideDown UIInterfaceOrientationLandscapeLeft UIInterfaceOrientationLandscapeRight";
				INFOPLIST_KEY_UISupportedInterfaceOrientations_iPhone = "UIInterfaceOrientationPortrait UIInterfaceOrientationLandscapeLeft UIInterfaceOrientationLandscapeRight";
				LD_RUNPATH_SEARCH_PATHS = (
					"$(inherited)",
					"@executable_path/Frameworks",
				);
				MARKETING_VERSION = 1.0;
				PRODUCT_BUNDLE_IDENTIFIER = com.pinchen686.prework;
				PRODUCT_NAME = "$(TARGET_NAME)";
				SWIFT_EMIT_LOC_STRINGS = YES;
				SWIFT_VERSION = 5.0;
				TARGETED_DEVICE_FAMILY = "1,2";
			};
			name = Release;
		};
		AF8DC8C728B321E3006A79FD /* Debug */ = {
			isa = XCBuildConfiguration;
			buildSettings = {
				ALWAYS_EMBED_SWIFT_STANDARD_LIBRARIES = YES;
				BUNDLE_LOADER = "$(TEST_HOST)";
				CODE_SIGN_STYLE = Automatic;
				CURRENT_PROJECT_VERSION = 1;
				GENERATE_INFOPLIST_FILE = YES;
				IPHONEOS_DEPLOYMENT_TARGET = 15.2;
				MARKETING_VERSION = 1.0;
				PRODUCT_BUNDLE_IDENTIFIER = com.pinchen686.preworkTests;
				PRODUCT_NAME = "$(TARGET_NAME)";
				SWIFT_EMIT_LOC_STRINGS = NO;
				SWIFT_VERSION = 5.0;
				TARGETED_DEVICE_FAMILY = "1,2";
				TEST_HOST = "$(BUILT_PRODUCTS_DIR)/prework.app/prework";
			};
			name = Debug;
		};
		AF8DC8C828B321E3006A79FD /* Release */ = {
			isa = XCBuildConfiguration;
			buildSettings = {
				ALWAYS_EMBED_SWIFT_STANDARD_LIBRARIES = YES;
				BUNDLE_LOADER = "$(TEST_HOST)";
				CODE_SIGN_STYLE = Automatic;
				CURRENT_PROJECT_VERSION = 1;
				GENERATE_INFOPLIST_FILE = YES;
				IPHONEOS_DEPLOYMENT_TARGET = 15.2;
				MARKETING_VERSION = 1.0;
				PRODUCT_BUNDLE_IDENTIFIER = com.pinchen686.preworkTests;
				PRODUCT_NAME = "$(TARGET_NAME)";
				SWIFT_EMIT_LOC_STRINGS = NO;
				SWIFT_VERSION = 5.0;
				TARGETED_DEVICE_FAMILY = "1,2";
				TEST_HOST = "$(BUILT_PRODUCTS_DIR)/prework.app/prework";
			};
			name = Release;
		};
		AF8DC8CA28B321E3006A79FD /* Debug */ = {
			isa = XCBuildConfiguration;
			buildSettings = {
				ALWAYS_EMBED_SWIFT_STANDARD_LIBRARIES = YES;
				CODE_SIGN_STYLE = Automatic;
				CURRENT_PROJECT_VERSION = 1;
				GENERATE_INFOPLIST_FILE = YES;
				MARKETING_VERSION = 1.0;
				PRODUCT_BUNDLE_IDENTIFIER = com.pinchen686.preworkUITests;
				PRODUCT_NAME = "$(TARGET_NAME)";
				SWIFT_EMIT_LOC_STRINGS = NO;
				SWIFT_VERSION = 5.0;
				TARGETED_DEVICE_FAMILY = "1,2";
				TEST_TARGET_NAME = prework;
			};
			name = Debug;
		};
		AF8DC8CB28B321E3006A79FD /* Release */ = {
			isa = XCBuildConfiguration;
			buildSettings = {
				ALWAYS_EMBED_SWIFT_STANDARD_LIBRARIES = YES;
				CODE_SIGN_STYLE = Automatic;
				CURRENT_PROJECT_VERSION = 1;
				GENERATE_INFOPLIST_FILE = YES;
				MARKETING_VERSION = 1.0;
				PRODUCT_BUNDLE_IDENTIFIER = com.pinchen686.preworkUITests;
				PRODUCT_NAME = "$(TARGET_NAME)";
				SWIFT_EMIT_LOC_STRINGS = NO;
				SWIFT_VERSION = 5.0;
				TARGETED_DEVICE_FAMILY = "1,2";
				TEST_TARGET_NAME = prework;
			};
			name = Release;
		};
/* End XCBuildConfiguration section */

/* Begin XCConfigurationList section */
		AF8DC89428B321E1006A79FD /* Build configuration list for PBXProject "prework" */ = {
			isa = XCConfigurationList;
			buildConfigurations = (
				AF8DC8C128B321E3006A79FD /* Debug */,
				AF8DC8C228B321E3006A79FD /* Release */,
			);
			defaultConfigurationIsVisible = 0;
			defaultConfigurationName = Release;
		};
		AF8DC8C328B321E3006A79FD /* Build configuration list for PBXNativeTarget "prework" */ = {
			isa = XCConfigurationList;
			buildConfigurations = (
				AF8DC8C428B321E3006A79FD /* Debug */,
				AF8DC8C528B321E3006A79FD /* Release */,
			);
			defaultConfigurationIsVisible = 0;
			defaultConfigurationName = Release;
		};
		AF8DC8C628B321E3006A79FD /* Build configuration list for PBXNativeTarget "preworkTests" */ = {
			isa = XCConfigurationList;
			buildConfigurations = (
				AF8DC8C728B321E3006A79FD /* Debug */,
				AF8DC8C828B321E3006A79FD /* Release */,
			);
			defaultConfigurationIsVisible = 0;
			defaultConfigurationName = Release;
		};
		AF8DC8C928B321E3006A79FD /* Build configuration list for PBXNativeTarget "preworkUITests" */ = {
			isa = XCConfigurationList;
			buildConfigurations = (
				AF8DC8CA28B321E3006A79FD /* Debug */,
				AF8DC8CB28B321E3006A79FD /* Release */,
			);
			defaultConfigurationIsVisible = 0;
			defaultConfigurationName = Release;
		};
/* End XCConfigurationList section */
	};
	rootObject = AF8DC89128B321E1006A79FD /* Project object */;
}
